
Microsoft Visual Studio Solution File, Format Version 12.00
# Visual Studio Version 17
VisualStudioVersion = 17.7.34202.233
MinimumVisualStudioVersion = 10.0.40219.1
Project("{FAE04EC0-301F-11D3-BF4B-00C04F79EFBC}") = "#8 practica 2 unidad 1", "#8 practica 2 unidad 1.csproj", "{804F0C47-D0AD-48A4-A182-AA9B63906131}"
EndProject
Global
	GlobalSection(SolutionConfigurationPlatforms) = preSolution
		Debug|Any CPU = Debug|Any CPU
		Release|Any CPU = Release|Any CPU
	EndGlobalSection
	GlobalSection(ProjectConfigurationPlatforms) = postSolution
		{804F0C47-D0AD-48A4-A182-AA9B63906131}.Debug|Any CPU.ActiveCfg = Debug|Any CPU
		{804F0C47-D0AD-48A4-A182-AA9B63906131}.Debug|Any CPU.Build.0 = Debug|Any CPU
		{804F0C47-D0AD-48A4-A182-AA9B63906131}.Release|Any CPU.ActiveCfg = Release|Any CPU
		{804F0C47-D0AD-48A4-A182-AA9B63906131}.Release|Any CPU.Build.0 = Release|Any CPU
	EndGlobalSection
	GlobalSection(SolutionProperties) = preSolution
		HideSolutionNode = FALSE
	EndGlobalSection
	GlobalSection(ExtensibilityGlobals) = postSolution
		SolutionGuid = {57A9E50D-3ABB-4910-8037-BB9F3004B1F2}
	EndGlobalSection
EndGlobal
